// !$*UTF8*$!
{
	archiveVersion = 1;
	classes = {
	};
	objectVersion = 77;
	objects = {

/* Begin PBXContainerItemProxy section */
		D77F7D4B2E0EEB5A00065A6B /* PBXContainerItemProxy */ = {
			isa = PBXContainerItemProxy;
			containerPortal = D77F7D352E0EEB5900065A6B /* Project object */;
			proxyType = 1;
			remoteGlobalIDString = D77F7D3C2E0EEB5900065A6B;
			remoteInfo = ThrowingTests;
		};
		D77F7D552E0EEB5A00065A6B /* PBXContainerItemProxy */ = {
			isa = PBXContainerItemProxy;
			containerPortal = D77F7D352E0EEB5900065A6B /* Project object */;
			proxyType = 1;
			remoteGlobalIDString = D77F7D3C2E0EEB5900065A6B;
			remoteInfo = ThrowingTests;
		};
/* End PBXContainerItemProxy section */

/* Begin PBXFileReference section */
		D77F7D3D2E0EEB5900065A6B /* ThrowingTests.app */ = {isa = PBXFileReference; explicitFileType = wrapper.application; includeInIndex = 0; path = ThrowingTests.app; sourceTree = BUILT_PRODUCTS_DIR; };
		D77F7D4A2E0EEB5A00065A6B /* ThrowingTestsTests.xctest */ = {isa = PBXFileReference; explicitFileType = wrapper.cfbundle; includeInIndex = 0; path = ThrowingTestsTests.xctest; sourceTree = BUILT_PRODUCTS_DIR; };
		D77F7D542E0EEB5A00065A6B /* ThrowingTestsUITests.xctest */ = {isa = PBXFileReference; explicitFileType = wrapper.cfbundle; includeInIndex = 0; path = ThrowingTestsUITests.xctest; sourceTree = BUILT_PRODUCTS_DIR; };
/* End PBXFileReference section */

/* Begin PBXFileSystemSynchronizedRootGroup section */
		D77F7D3F2E0EEB5900065A6B /* ThrowingTests */ = {
			isa = PBXFileSystemSynchronizedRootGroup;
			path = ThrowingTests;
			sourceTree = "<group>";
		};
		D77F7D4D2E0EEB5A00065A6B /* ThrowingTestsTests */ = {
			isa = PBXFileSystemSynchronizedRootGroup;
			path = ThrowingTestsTests;
			sourceTree = "<group>";
		};
		D77F7D572E0EEB5A00065A6B /* ThrowingTestsUITests */ = {
			isa = PBXFileSystemSynchronizedRootGroup;
			path = ThrowingTestsUITests;
			sourceTree = "<group>";
		};
/* End PBXFileSystemSynchronizedRootGroup section */

/* Begin PBXFrameworksBuildPhase section */
		D77F7D3A2E0EEB5900065A6B /* Frameworks */ = {
			isa = PBXFrameworksBuildPhase;
			buildActionMask = 2147483647;
			files = (
			);
			runOnlyForDeploymentPostprocessing = 0;
		};
		D77F7D472E0EEB5A00065A6B /* Frameworks */ = {
			isa = PBXFrameworksBuildPhase;
			buildActionMask = 2147483647;
			files = (
			);
			runOnlyForDeploymentPostprocessing = 0;
		};
		D77F7D512E0EEB5A00065A6B /* Frameworks */ = {
			isa = PBXFrameworksBuildPhase;
			buildActionMask = 2147483647;
			files = (
			);
			runOnlyForDeploymentPostprocessing = 0;
		};
/* End PBXFrameworksBuildPhase section */

/* Begin PBXGroup section */
		D77F7D342E0EEB5900065A6B = {
			isa = PBXGroup;
			children = (
				D77F7D3F2E0EEB5900065A6B /* ThrowingTests */,
				D77F7D4D2E0EEB5A00065A6B /* ThrowingTestsTests */,
				D77F7D572E0EEB5A00065A6B /* ThrowingTestsUITests */,
				D77F7D3E2E0EEB5900065A6B /* Products */,
			);
			sourceTree = "<group>";
		};
		D77F7D3E2E0EEB5900065A6B /* Products */ = {
			isa = PBXGroup;
			children = (
				D77F7D3D2E0EEB5900065A6B /* ThrowingTests.app */,
				D77F7D4A2E0EEB5A00065A6B /* ThrowingTestsTests.xctest */,
				D77F7D542E0EEB5A00065A6B /* ThrowingTestsUITests.xctest */,
			);
			name = Products;
			sourceTree = "<group>";
		};
/* End PBXGroup section */

/* Begin PBXNativeTarget section */
		D77F7D3C2E0EEB5900065A6B /* ThrowingTests */ = {
			isa = PBXNativeTarget;
			buildConfigurationList = D77F7D5E2E0EEB5A00065A6B /* Build configuration list for PBXNativeTarget "ThrowingTests" */;
			buildPhases = (
				D77F7D392E0EEB5900065A6B /* Sources */,
				D77F7D3A2E0EEB5900065A6B /* Frameworks */,
				D77F7D3B2E0EEB5900065A6B /* Resources */,
			);
			buildRules = (
			);
			dependencies = (
			);
			fileSystemSynchronizedGroups = (
				D77F7D3F2E0EEB5900065A6B /* ThrowingTests */,
			);
			name = ThrowingTests;
			packageProductDependencies = (
			);
			productName = ThrowingTests;
			productReference = D77F7D3D2E0EEB5900065A6B /* ThrowingTests.app */;
			productType = "com.apple.product-type.application";
		};
		D77F7D492E0EEB5A00065A6B /* ThrowingTestsTests */ = {
			isa = PBXNativeTarget;
			buildConfigurationList = D77F7D612E0EEB5A00065A6B /* Build configuration list for PBXNativeTarget "ThrowingTestsTests" */;
			buildPhases = (
				D77F7D462E0EEB5A00065A6B /* Sources */,
				D77F7D472E0EEB5A00065A6B /* Frameworks */,
				D77F7D482E0EEB5A00065A6B /* Resources */,
			);
			buildRules = (
			);
			dependencies = (
				D77F7D4C2E0EEB5A00065A6B /* PBXTargetDependency */,
			);
			fileSystemSynchronizedGroups = (
				D77F7D4D2E0EEB5A00065A6B /* ThrowingTestsTests */,
			);
			name = ThrowingTestsTests;
			packageProductDependencies = (
			);
			productName = ThrowingTestsTests;
			productReference = D77F7D4A2E0EEB5A00065A6B /* ThrowingTestsTests.xctest */;
			productType = "com.apple.product-type.bundle.unit-test";
		};
		D77F7D532E0EEB5A00065A6B /* ThrowingTestsUITests */ = {
			isa = PBXNativeTarget;
			buildConfigurationList = D77F7D642E0EEB5A00065A6B /* Build configuration list for PBXNativeTarget "ThrowingTestsUITests" */;
			buildPhases = (
				D77F7D502E0EEB5A00065A6B /* Sources */,
				D77F7D512E0EEB5A00065A6B /* Frameworks */,
				D77F7D522E0EEB5A00065A6B /* Resources */,
			);
			buildRules = (
			);
			dependencies = (
				D77F7D562E0EEB5A00065A6B /* PBXTargetDependency */,
			);
			fileSystemSynchronizedGroups = (
				D77F7D572E0EEB5A00065A6B /* ThrowingTestsUITests */,
			);
			name = ThrowingTestsUITests;
			packageProductDependencies = (
			);
			productName = ThrowingTestsUITests;
			productReference = D77F7D542E0EEB5A00065A6B /* ThrowingTestsUITests.xctest */;
			productType = "com.apple.product-type.bundle.ui-testing";
		};
/* End PBXNativeTarget section */

/* Begin PBXProject section */
		D77F7D352E0EEB5900065A6B /* Project object */ = {
			isa = PBXProject;
			attributes = {
				BuildIndependentTargetsInParallel = 1;
				LastSwiftUpdateCheck = 1640;
				LastUpgradeCheck = 1640;
				TargetAttributes = {
					D77F7D3C2E0EEB5900065A6B = {
						CreatedOnToolsVersion = 16.4;
					};
					D77F7D492E0EEB5A00065A6B = {
						CreatedOnToolsVersion = 16.4;
						TestTargetID = D77F7D3C2E0EEB5900065A6B;
					};
					D77F7D532E0EEB5A00065A6B = {
						CreatedOnToolsVersion = 16.4;
						TestTargetID = D77F7D3C2E0EEB5900065A6B;
					};
				};
			};
			buildConfigurationList = D77F7D382E0EEB5900065A6B /* Build configuration list for PBXProject "ThrowingTests" */;
			developmentRegion = en;
			hasScannedForEncodings = 0;
			knownRegions = (
				en,
				Base,
			);
			mainGroup = D77F7D342E0EEB5900065A6B;
			minimizedProjectReferenceProxies = 1;
			preferredProjectObjectVersion = 77;
			productRefGroup = D77F7D3E2E0EEB5900065A6B /* Products */;
			projectDirPath = "";
			projectRoot = "";
			targets = (
				D77F7D3C2E0EEB5900065A6B /* ThrowingTests */,
				D77F7D492E0EEB5A00065A6B /* ThrowingTestsTests */,
				D77F7D532E0EEB5A00065A6B /* ThrowingTestsUITests */,
			);
		};
/* End PBXProject section */

/* Begin PBXResourcesBuildPhase section */
		D77F7D3B2E0EEB5900065A6B /* Resources */ = {
			isa = PBXResourcesBuildPhase;
			buildActionMask = 2147483647;
			files = (
			);
			runOnlyForDeploymentPostprocessing = 0;
		};
		D77F7D482E0EEB5A00065A6B /* Resources */ = {
			isa = PBXResourcesBuildPhase;
			buildActionMask = 2147483647;
			files = (
			);
			runOnlyForDeploymentPostprocessing = 0;
		};
		D77F7D522E0EEB5A00065A6B /* Resources */ = {
			isa = PBXResourcesBuildPhase;
			buildActionMask = 2147483647;
			files = (
			);
			runOnlyForDeploymentPostprocessing = 0;
		};
/* End PBXResourcesBuildPhase section */

/* Begin PBXSourcesBuildPhase section */
		D77F7D392E0EEB5900065A6B /* Sources */ = {
			isa = PBXSourcesBuildPhase;
			buildActionMask = 2147483647;
			files = (
			);
			runOnlyForDeploymentPostprocessing = 0;
		};
		D77F7D462E0EEB5A00065A6B /* Sources */ = {
			isa = PBXSourcesBuildPhase;
			buildActionMask = 2147483647;
			files = (
			);
			runOnlyForDeploymentPostprocessing = 0;
		};
		D77F7D502E0EEB5A00065A6B /* Sources */ = {
			isa = PBXSourcesBuildPhase;
			buildActionMask = 2147483647;
			files = (
			);
			runOnlyForDeploymentPostprocessing = 0;
		};
/* End PBXSourcesBuildPhase section */

/* Begin PBXTargetDependency section */
		D77F7D4C2E0EEB5A00065A6B /* PBXTargetDependency */ = {
			isa = PBXTargetDependency;
			target = D77F7D3C2E0EEB5900065A6B /* ThrowingTests */;
			targetProxy = D77F7D4B2E0EEB5A00065A6B /* PBXContainerItemProxy */;
		};
		D77F7D562E0EEB5A00065A6B /* PBXTargetDependency */ = {
			isa = PBXTargetDependency;
			target = D77F7D3C2E0EEB5900065A6B /* ThrowingTests */;
			targetProxy = D77F7D552E0EEB5A00065A6B /* PBXContainerItemProxy */;
		};
/* End PBXTargetDependency section */

/* Begin XCBuildConfiguration section */
		D77F7D5C2E0EEB5A00065A6B /* Debug */ = {
			isa = XCBuildConfiguration;
			buildSettings = {
				ALWAYS_SEARCH_USER_PATHS = NO;
				ASSETCATALOG_COMPILER_GENERATE_SWIFT_ASSET_SYMBOL_EXTENSIONS = YES;
				CLANG_ANALYZER_NONNULL = YES;
				CLANG_ANALYZER_NUMBER_OBJECT_CONVERSION = YES_AGGRESSIVE;
				CLANG_CXX_LANGUAGE_STANDARD = "gnu++20";
				CLANG_ENABLE_MODULES = YES;
				CLANG_ENABLE_OBJC_ARC = YES;
				CLANG_ENABLE_OBJC_WEAK = YES;
				CLANG_WARN_BLOCK_CAPTURE_AUTORELEASING = YES;
				CLANG_WARN_BOOL_CONVERSION = YES;
				CLANG_WARN_COMMA = YES;
				CLANG_WARN_CONSTANT_CONVERSION = YES;
				CLANG_WARN_DEPRECATED_OBJC_IMPLEMENTATIONS = YES;
				CLANG_WARN_DIRECT_OBJC_ISA_USAGE = YES_ERROR;
				CLANG_WARN_DOCUMENTATION_COMMENTS = YES;
				CLANG_WARN_EMPTY_BODY = YES;
				CLANG_WARN_ENUM_CONVERSION = YES;
				CLANG_WARN_INFINITE_RECURSION = YES;
				CLANG_WARN_INT_CONVERSION = YES;
				CLANG_WARN_NON_LITERAL_NULL_CONVERSION = YES;
				CLANG_WARN_OBJC_IMPLICIT_RETAIN_SELF = YES;
				CLANG_WARN_OBJC_LITERAL_CONVERSION = YES;
				CLANG_WARN_OBJC_ROOT_CLASS = YES_ERROR;
				CLANG_WARN_QUOTED_INCLUDE_IN_FRAMEWORK_HEADER = YES;
				CLANG_WARN_RANGE_LOOP_ANALYSIS = YES;
				CLANG_WARN_STRICT_PROTOTYPES = YES;
				CLANG_WARN_SUSPICIOUS_MOVE = YES;
				CLANG_WARN_UNGUARDED_AVAILABILITY = YES_AGGRESSIVE;
				CLANG_WARN_UNREACHABLE_CODE = YES;
				CLANG_WARN__DUPLICATE_METHOD_MATCH = YES;
				COPY_PHASE_STRIP = NO;
				DEBUG_INFORMATION_FORMAT = dwarf;
				DEVELOPMENT_TEAM = 4AZCM9652H;
				ENABLE_STRICT_OBJC_MSGSEND = YES;
				ENABLE_TESTABILITY = YES;
				ENABLE_USER_SCRIPT_SANDBOXING = YES;
				GCC_C_LANGUAGE_STANDARD = gnu17;
				GCC_DYNAMIC_NO_PIC = NO;
				GCC_NO_COMMON_BLOCKS = YES;
				GCC_OPTIMIZATION_LEVEL = 0;
				GCC_PREPROCESSOR_DEFINITIONS = (
					"DEBUG=1",
					"$(inherited)",
				);
				GCC_WARN_64_TO_32_BIT_CONVERSION = YES;
				GCC_WARN_ABOUT_RETURN_TYPE = YES_ERROR;
				GCC_WARN_UNDECLARED_SELECTOR = YES;
				GCC_WARN_UNINITIALIZED_AUTOS = YES_AGGRESSIVE;
				GCC_WARN_UNUSED_FUNCTION = YES;
				GCC_WARN_UNUSED_VARIABLE = YES;
				IPHONEOS_DEPLOYMENT_TARGET = 18.5;
				LOCALIZATION_PREFERS_STRING_CATALOGS = YES;
				MTL_ENABLE_DEBUG_INFO = INCLUDE_SOURCE;
				MTL_FAST_MATH = YES;
				ONLY_ACTIVE_ARCH = YES;
				SDKROOT = iphoneos;
				SWIFT_ACTIVE_COMPILATION_CONDITIONS = "DEBUG $(inherited)";
				SWIFT_OPTIMIZATION_LEVEL = "-Onone";
			};
			name = Debug;
		};
		D77F7D5D2E0EEB5A00065A6B /* Release */ = {
			isa = XCBuildConfiguration;
			buildSettings = {
				ALWAYS_SEARCH_USER_PATHS = NO;
				ASSETCATALOG_COMPILER_GENERATE_SWIFT_ASSET_SYMBOL_EXTENSIONS = YES;
				CLANG_ANALYZER_NONNULL = YES;
				CLANG_ANALYZER_NUMBER_OBJECT_CONVERSION = YES_AGGRESSIVE;
				CLANG_CXX_LANGUAGE_STANDARD = "gnu++20";
				CLANG_ENABLE_MODULES = YES;
				CLANG_ENABLE_OBJC_ARC = YES;
				CLANG_ENABLE_OBJC_WEAK = YES;
				CLANG_WARN_BLOCK_CAPTURE_AUTORELEASING = YES;
				CLANG_WARN_BOOL_CONVERSION = YES;
				CLANG_WARN_COMMA = YES;
				CLANG_WARN_CONSTANT_CONVERSION = YES;
				CLANG_WARN_DEPRECATED_OBJC_IMPLEMENTATIONS = YES;
				CLANG_WARN_DIRECT_OBJC_ISA_USAGE = YES_ERROR;
				CLANG_WARN_DOCUMENTATION_COMMENTS = YES;
				CLANG_WARN_EMPTY_BODY = YES;
				CLANG_WARN_ENUM_CONVERSION = YES;
				CLANG_WARN_INFINITE_RECURSION = YES;
				CLANG_WARN_INT_CONVERSION = YES;
				CLANG_WARN_NON_LITERAL_NULL_CONVERSION = YES;
				CLANG_WARN_OBJC_IMPLICIT_RETAIN_SELF = YES;
				CLANG_WARN_OBJC_LITERAL_CONVERSION = YES;
				CLANG_WARN_OBJC_ROOT_CLASS = YES_ERROR;
				CLANG_WARN_QUOTED_INCLUDE_IN_FRAMEWORK_HEADER = YES;
				CLANG_WARN_RANGE_LOOP_ANALYSIS = YES;
				CLANG_WARN_STRICT_PROTOTYPES = YES;
				CLANG_WARN_SUSPICIOUS_MOVE = YES;
				CLANG_WARN_UNGUARDED_AVAILABILITY = YES_AGGRESSIVE;
				CLANG_WARN_UNREACHABLE_CODE = YES;
				CLANG_WARN__DUPLICATE_METHOD_MATCH = YES;
				COPY_PHASE_STRIP = NO;
				DEBUG_INFORMATION_FORMAT = "dwarf-with-dsym";
				DEVELOPMENT_TEAM = 4AZCM9652H;
				ENABLE_NS_ASSERTIONS = NO;
				ENABLE_STRICT_OBJC_MSGSEND = YES;
				ENABLE_USER_SCRIPT_SANDBOXING = YES;
				GCC_C_LANGUAGE_STANDARD = gnu17;
				GCC_NO_COMMON_BLOCKS = YES;
				GCC_WARN_64_TO_32_BIT_CONVERSION = YES;
				GCC_WARN_ABOUT_RETURN_TYPE = YES_ERROR;
				GCC_WARN_UNDECLARED_SELECTOR = YES;
				GCC_WARN_UNINITIALIZED_AUTOS = YES_AGGRESSIVE;
				GCC_WARN_UNUSED_FUNCTION = YES;
				GCC_WARN_UNUSED_VARIABLE = YES;
				IPHONEOS_DEPLOYMENT_TARGET = 18.5;
				LOCALIZATION_PREFERS_STRING_CATALOGS = YES;
				MTL_ENABLE_DEBUG_INFO = NO;
				MTL_FAST_MATH = YES;
				SDKROOT = iphoneos;
				SWIFT_COMPILATION_MODE = wholemodule;
				VALIDATE_PRODUCT = YES;
			};
			name = Release;
		};
		D77F7D5F2E0EEB5A00065A6B /* Debug */ = {
			isa = XCBuildConfiguration;
			buildSettings = {
				ASSETCATALOG_COMPILER_APPICON_NAME = AppIcon;
				ASSETCATALOG_COMPILER_GLOBAL_ACCENT_COLOR_NAME = AccentColor;
				CODE_SIGN_STYLE = Automatic;
				CURRENT_PROJECT_VERSION = 1;
				DEVELOPMENT_TEAM = 4AZCM9652H;
				ENABLE_PREVIEWS = YES;
				GENERATE_INFOPLIST_FILE = YES;
				INFOPLIST_KEY_UIApplicationSceneManifest_Generation = YES;
				INFOPLIST_KEY_UIApplicationSupportsIndirectInputEvents = YES;
				INFOPLIST_KEY_UILaunchScreen_Generation = YES;
				INFOPLIST_KEY_UISupportedInterfaceOrientations_iPad = "UIInterfaceOrientationPortrait UIInterfaceOrientationPortraitUpsideDown UIInterfaceOrientationLandscapeLeft UIInterfaceOrientationLandscapeRight";
				INFOPLIST_KEY_UISupportedInterfaceOrientations_iPhone = "UIInterfaceOrientationPortrait UIInterfaceOrientationLandscapeLeft UIInterfaceOrientationLandscapeRight";
				LD_RUNPATH_SEARCH_PATHS = (
					"$(inherited)",
					"@executable_path/Frameworks",
				);
				MARKETING_VERSION = 1.0;
				PRODUCT_BUNDLE_IDENTIFIER = de.robert.welz.ThrowingTests;
				PRODUCT_NAME = "$(TARGET_NAME)";
				SWIFT_EMIT_LOC_STRINGS = YES;
				SWIFT_VERSION = 5.0;
				TARGETED_DEVICE_FAMILY = "1,2";
			};
			name = Debug;
		};
		D77F7D602E0EEB5A00065A6B /* Release */ = {
			isa = XCBuildConfiguration;
			buildSettings = {
				ASSETCATALOG_COMPILER_APPICON_NAME = AppIcon;
				ASSETCATALOG_COMPILER_GLOBAL_ACCENT_COLOR_NAME = AccentColor;
				CODE_SIGN_STYLE = Automatic;
				CURRENT_PROJECT_VERSION = 1;
				DEVELOPMENT_TEAM = 4AZCM9652H;
				ENABLE_PREVIEWS = YES;
				GENERATE_INFOPLIST_FILE = YES;
				INFOPLIST_KEY_UIApplicationSceneManifest_Generation = YES;
				INFOPLIST_KEY_UIApplicationSupportsIndirectInputEvents = YES;
				INFOPLIST_KEY_UILaunchScreen_Generation = YES;
				INFOPLIST_KEY_UISupportedInterfaceOrientations_iPad = "UIInterfaceOrientationPortrait UIInterfaceOrientationPortraitUpsideDown UIInterfaceOrientationLandscapeLeft UIInterfaceOrientationLandscapeRight";
				INFOPLIST_KEY_UISupportedInterfaceOrientations_iPhone = "UIInterfaceOrientationPortrait UIInterfaceOrientationLandscapeLeft UIInterfaceOrientationLandscapeRight";
				LD_RUNPATH_SEARCH_PATHS = (
					"$(inherited)",
					"@executable_path/Frameworks",
				);
				MARKETING_VERSION = 1.0;
				PRODUCT_BUNDLE_IDENTIFIER = de.robert.welz.ThrowingTests;
				PRODUCT_NAME = "$(TARGET_NAME)";
				SWIFT_EMIT_LOC_STRINGS = YES;
				SWIFT_VERSION = 5.0;
				TARGETED_DEVICE_FAMILY = "1,2";
			};
			name = Release;
		};
		D77F7D622E0EEB5A00065A6B /* Debug */ = {
			isa = XCBuildConfiguration;
			buildSettings = {
				BUNDLE_LOADER = "$(TEST_HOST)";
				CODE_SIGN_STYLE = Automatic;
				CURRENT_PROJECT_VERSION = 1;
				DEVELOPMENT_TEAM = 4AZCM9652H;
				GENERATE_INFOPLIST_FILE = YES;
				IPHONEOS_DEPLOYMENT_TARGET = 18.5;
				MARKETING_VERSION = 1.0;
				PRODUCT_BUNDLE_IDENTIFIER = de.robert.welz.ThrowingTestsTests;
				PRODUCT_NAME = "$(TARGET_NAME)";
				SWIFT_EMIT_LOC_STRINGS = NO;
				SWIFT_VERSION = 5.0;
				TARGETED_DEVICE_FAMILY = "1,2";
				TEST_HOST = "$(BUILT_PRODUCTS_DIR)/ThrowingTests.app/$(BUNDLE_EXECUTABLE_FOLDER_PATH)/ThrowingTests";
			};
			name = Debug;
		};
		D77F7D632E0EEB5A00065A6B /* Release */ = {
			isa = XCBuildConfiguration;
			buildSettings = {
				BUNDLE_LOADER = "$(TEST_HOST)";
				CODE_SIGN_STYLE = Automatic;
				CURRENT_PROJECT_VERSION = 1;
				DEVELOPMENT_TEAM = 4AZCM9652H;
				GENERATE_INFOPLIST_FILE = YES;
				IPHONEOS_DEPLOYMENT_TARGET = 18.5;
				MARKETING_VERSION = 1.0;
				PRODUCT_BUNDLE_IDENTIFIER = de.robert.welz.ThrowingTestsTests;
				PRODUCT_NAME = "$(TARGET_NAME)";
				SWIFT_EMIT_LOC_STRINGS = NO;
				SWIFT_VERSION = 5.0;
				TARGETED_DEVICE_FAMILY = "1,2";
				TEST_HOST = "$(BUILT_PRODUCTS_DIR)/ThrowingTests.app/$(BUNDLE_EXECUTABLE_FOLDER_PATH)/ThrowingTests";
			};
			name = Release;
		};
		D77F7D652E0EEB5A00065A6B /* Debug */ = {
			isa = XCBuildConfiguration;
			buildSettings = {
				CODE_SIGN_STYLE = Automatic;
				CURRENT_PROJECT_VERSION = 1;
				DEVELOPMENT_TEAM = 4AZCM9652H;
				GENERATE_INFOPLIST_FILE = YES;
				MARKETING_VERSION = 1.0;
				PRODUCT_BUNDLE_IDENTIFIER = de.robert.welz.ThrowingTestsUITests;
				PRODUCT_NAME = "$(TARGET_NAME)";
				SWIFT_EMIT_LOC_STRINGS = NO;
				SWIFT_VERSION = 5.0;
				TARGETED_DEVICE_FAMILY = "1,2";
				TEST_TARGET_NAME = ThrowingTests;
			};
			name = Debug;
		};
		D77F7D662E0EEB5A00065A6B /* Release */ = {
			isa = XCBuildConfiguration;
			buildSettings = {
				CODE_SIGN_STYLE = Automatic;
				CURRENT_PROJECT_VERSION = 1;
				DEVELOPMENT_TEAM = 4AZCM9652H;
				GENERATE_INFOPLIST_FILE = YES;
				MARKETING_VERSION = 1.0;
				PRODUCT_BUNDLE_IDENTIFIER = de.robert.welz.ThrowingTestsUITests;
				PRODUCT_NAME = "$(TARGET_NAME)";
				SWIFT_EMIT_LOC_STRINGS = NO;
				SWIFT_VERSION = 5.0;
				TARGETED_DEVICE_FAMILY = "1,2";
				TEST_TARGET_NAME = ThrowingTests;
			};
			name = Release;
		};
/* End XCBuildConfiguration section */

/* Begin XCConfigurationList section */
		D77F7D382E0EEB5900065A6B /* Build configuration list for PBXProject "ThrowingTests" */ = {
			isa = XCConfigurationList;
			buildConfigurations = (
				D77F7D5C2E0EEB5A00065A6B /* Debug */,
				D77F7D5D2E0EEB5A00065A6B /* Release */,
			);
			defaultConfigurationIsVisible = 0;
			defaultConfigurationName = Release;
		};
		D77F7D5E2E0EEB5A00065A6B /* Build configuration list for PBXNativeTarget "ThrowingTests" */ = {
			isa = XCConfigurationList;
			buildConfigurations = (
				D77F7D5F2E0EEB5A00065A6B /* Debug */,
				D77F7D602E0EEB5A00065A6B /* Release */,
			);
			defaultConfigurationIsVisible = 0;
			defaultConfigurationName = Release;
		};
		D77F7D612E0EEB5A00065A6B /* Build configuration list for PBXNativeTarget "ThrowingTestsTests" */ = {
			isa = XCConfigurationList;
			buildConfigurations = (
				D77F7D622E0EEB5A00065A6B /* Debug */,
				D77F7D632E0EEB5A00065A6B /* Release */,
			);
			defaultConfigurationIsVisible = 0;
			defaultConfigurationName = Release;
		};
		D77F7D642E0EEB5A00065A6B /* Build configuration list for PBXNativeTarget "ThrowingTestsUITests" */ = {
			isa = XCConfigurationList;
			buildConfigurations = (
				D77F7D652E0EEB5A00065A6B /* Debug */,
				D77F7D662E0EEB5A00065A6B /* Release */,
			);
			defaultConfigurationIsVisible = 0;
			defaultConfigurationName = Release;
		};
/* End XCConfigurationList section */
	};
	rootObject = D77F7D352E0EEB5900065A6B /* Project object */;
}
