// !$*UTF8*$!
{
	archiveVersion = 1;
	classes = {
	};
	objectVersion = 77;
	objects = {

/* Begin PBXContainerItemProxy section */
		D7BA63022E045296003481D3 /* PBXContainerItemProxy */ = {
			isa = PBXContainerItemProxy;
			containerPortal = D7BA62EC2E045295003481D3 /* Project object */;
			proxyType = 1;
			remoteGlobalIDString = D7BA62F32E045295003481D3;
			remoteInfo = "Testing Swift Chap 1";
		};
		D7BA630C2E045296003481D3 /* PBXContainerItemProxy */ = {
			isa = PBXContainerItemProxy;
			containerPortal = D7BA62EC2E045295003481D3 /* Project object */;
			proxyType = 1;
			remoteGlobalIDString = D7BA62F32E045295003481D3;
			remoteInfo = "Testing Swift Chap 1";
		};
/* End PBXContainerItemProxy section */

/* Begin PBXFileReference section */
		D7BA62F42E045295003481D3 /* Testing Swift Chap 1.app */ = {isa = PBXFileReference; explicitFileType = wrapper.application; includeInIndex = 0; path = "Testing Swift Chap 1.app"; sourceTree = BUILT_PRODUCTS_DIR; };
		D7BA63012E045296003481D3 /* Testing Swift Chap 1Tests.xctest */ = {isa = PBXFileReference; explicitFileType = wrapper.cfbundle; includeInIndex = 0; path = "Testing Swift Chap 1Tests.xctest"; sourceTree = BUILT_PRODUCTS_DIR; };
		D7BA630B2E045296003481D3 /* Testing Swift Chap 1UITests.xctest */ = {isa = PBXFileReference; explicitFileType = wrapper.cfbundle; includeInIndex = 0; path = "Testing Swift Chap 1UITests.xctest"; sourceTree = BUILT_PRODUCTS_DIR; };
/* End PBXFileReference section */

/* Begin PBXFileSystemSynchronizedBuildFileExceptionSet section */
		D7B543A62E0464A900AD17FE /* Exceptions for "Testing Swift Chap 1Tests" folder in "Testing Swift Chap 1Tests" target */ = {
			isa = PBXFileSystemSynchronizedBuildFileExceptionSet;
			membershipExceptions = (
				Testing_Swift_Chap_1Tests_bessere_Bezeichner.swift,
			);
			target = D7BA63002E045296003481D3 /* Testing Swift Chap 1Tests */;
		};
/* End PBXFileSystemSynchronizedBuildFileExceptionSet section */

/* Begin PBXFileSystemSynchronizedRootGroup section */
		D7BA62F62E045295003481D3 /* Testing Swift Chap 1 */ = {
			isa = PBXFileSystemSynchronizedRootGroup;
			path = "Testing Swift Chap 1";
			sourceTree = "<group>";
		};
		D7BA63042E045296003481D3 /* Testing Swift Chap 1Tests */ = {
			isa = PBXFileSystemSynchronizedRootGroup;
			exceptions = (
				D7B543A62E0464A900AD17FE /* Exceptions for "Testing Swift Chap 1Tests" folder in "Testing Swift Chap 1Tests" target */,
			);
			path = "Testing Swift Chap 1Tests";
			sourceTree = "<group>";
		};
		D7BA630E2E045296003481D3 /* Testing Swift Chap 1UITests */ = {
			isa = PBXFileSystemSynchronizedRootGroup;
			path = "Testing Swift Chap 1UITests";
			sourceTree = "<group>";
		};
/* End PBXFileSystemSynchronizedRootGroup section */

/* Begin PBXFrameworksBuildPhase section */
		D7BA62F12E045295003481D3 /* Frameworks */ = {
			isa = PBXFrameworksBuildPhase;
			buildActionMask = 2147483647;
			files = (
			);
			runOnlyForDeploymentPostprocessing = 0;
		};
		D7BA62FE2E045296003481D3 /* Frameworks */ = {
			isa = PBXFrameworksBuildPhase;
			buildActionMask = 2147483647;
			files = (
			);
			runOnlyForDeploymentPostprocessing = 0;
		};
		D7BA63082E045296003481D3 /* Frameworks */ = {
			isa = PBXFrameworksBuildPhase;
			buildActionMask = 2147483647;
			files = (
			);
			runOnlyForDeploymentPostprocessing = 0;
		};
/* End PBXFrameworksBuildPhase section */

/* Begin PBXGroup section */
		D7BA62EB2E045295003481D3 = {
			isa = PBXGroup;
			children = (
				D7BA62F62E045295003481D3 /* Testing Swift Chap 1 */,
				D7BA63042E045296003481D3 /* Testing Swift Chap 1Tests */,
				D7BA630E2E045296003481D3 /* Testing Swift Chap 1UITests */,
				D7BA62F52E045295003481D3 /* Products */,
			);
			sourceTree = "<group>";
		};
		D7BA62F52E045295003481D3 /* Products */ = {
			isa = PBXGroup;
			children = (
				D7BA62F42E045295003481D3 /* Testing Swift Chap 1.app */,
				D7BA63012E045296003481D3 /* Testing Swift Chap 1Tests.xctest */,
				D7BA630B2E045296003481D3 /* Testing Swift Chap 1UITests.xctest */,
			);
			name = Products;
			sourceTree = "<group>";
		};
/* End PBXGroup section */

/* Begin PBXNativeTarget section */
		D7BA62F32E045295003481D3 /* Testing Swift Chap 1 */ = {
			isa = PBXNativeTarget;
			buildConfigurationList = D7BA63152E045296003481D3 /* Build configuration list for PBXNativeTarget "Testing Swift Chap 1" */;
			buildPhases = (
				D7BA62F02E045295003481D3 /* Sources */,
				D7BA62F12E045295003481D3 /* Frameworks */,
				D7BA62F22E045295003481D3 /* Resources */,
			);
			buildRules = (
			);
			dependencies = (
			);
			fileSystemSynchronizedGroups = (
				D7BA62F62E045295003481D3 /* Testing Swift Chap 1 */,
			);
			name = "Testing Swift Chap 1";
			packageProductDependencies = (
			);
			productName = "Testing Swift Chap 1";
			productReference = D7BA62F42E045295003481D3 /* Testing Swift Chap 1.app */;
			productType = "com.apple.product-type.application";
		};
		D7BA63002E045296003481D3 /* Testing Swift Chap 1Tests */ = {
			isa = PBXNativeTarget;
			buildConfigurationList = D7BA63182E045296003481D3 /* Build configuration list for PBXNativeTarget "Testing Swift Chap 1Tests" */;
			buildPhases = (
				D7B543AD2E0465DC00AD17FE /* TODO MARKER Script */,
				D7BA62FD2E045296003481D3 /* Sources */,
				D7BA62FE2E045296003481D3 /* Frameworks */,
				D7BA62FF2E045296003481D3 /* Resources */,
			);
			buildRules = (
			);
			dependencies = (
				D7BA63032E045296003481D3 /* PBXTargetDependency */,
			);
			fileSystemSynchronizedGroups = (
				D7BA63042E045296003481D3 /* Testing Swift Chap 1Tests */,
			);
			name = "Testing Swift Chap 1Tests";
			packageProductDependencies = (
			);
			productName = "Testing Swift Chap 1Tests";
			productReference = D7BA63012E045296003481D3 /* Testing Swift Chap 1Tests.xctest */;
			productType = "com.apple.product-type.bundle.unit-test";
		};
		D7BA630A2E045296003481D3 /* Testing Swift Chap 1UITests */ = {
			isa = PBXNativeTarget;
			buildConfigurationList = D7BA631B2E045296003481D3 /* Build configuration list for PBXNativeTarget "Testing Swift Chap 1UITests" */;
			buildPhases = (
				D7BA63072E045296003481D3 /* Sources */,
				D7BA63082E045296003481D3 /* Frameworks */,
				D7BA63092E045296003481D3 /* Resources */,
			);
			buildRules = (
			);
			dependencies = (
				D7BA630D2E045296003481D3 /* PBXTargetDependency */,
			);
			fileSystemSynchronizedGroups = (
				D7BA630E2E045296003481D3 /* Testing Swift Chap 1UITests */,
			);
			name = "Testing Swift Chap 1UITests";
			packageProductDependencies = (
			);
			productName = "Testing Swift Chap 1UITests";
			productReference = D7BA630B2E045296003481D3 /* Testing Swift Chap 1UITests.xctest */;
			productType = "com.apple.product-type.bundle.ui-testing";
		};
/* End PBXNativeTarget section */

/* Begin PBXProject section */
		D7BA62EC2E045295003481D3 /* Project object */ = {
			isa = PBXProject;
			attributes = {
				BuildIndependentTargetsInParallel = 1;
				LastSwiftUpdateCheck = 1640;
				LastUpgradeCheck = 1640;
				TargetAttributes = {
					D7BA62F32E045295003481D3 = {
						CreatedOnToolsVersion = 16.4;
					};
					D7BA63002E045296003481D3 = {
						CreatedOnToolsVersion = 16.4;
						TestTargetID = D7BA62F32E045295003481D3;
					};
					D7BA630A2E045296003481D3 = {
						CreatedOnToolsVersion = 16.4;
						TestTargetID = D7BA62F32E045295003481D3;
					};
				};
			};
			buildConfigurationList = D7BA62EF2E045295003481D3 /* Build configuration list for PBXProject "Testing Swift Chap 1" */;
			developmentRegion = en;
			hasScannedForEncodings = 0;
			knownRegions = (
				en,
				Base,
			);
			mainGroup = D7BA62EB2E045295003481D3;
			minimizedProjectReferenceProxies = 1;
			preferredProjectObjectVersion = 77;
			productRefGroup = D7BA62F52E045295003481D3 /* Products */;
			projectDirPath = "";
			projectRoot = "";
			targets = (
				D7BA62F32E045295003481D3 /* Testing Swift Chap 1 */,
				D7BA63002E045296003481D3 /* Testing Swift Chap 1Tests */,
				D7BA630A2E045296003481D3 /* Testing Swift Chap 1UITests */,
			);
		};
/* End PBXProject section */

/* Begin PBXResourcesBuildPhase section */
		D7BA62F22E045295003481D3 /* Resources */ = {
			isa = PBXResourcesBuildPhase;
			buildActionMask = 2147483647;
			files = (
			);
			runOnlyForDeploymentPostprocessing = 0;
		};
		D7BA62FF2E045296003481D3 /* Resources */ = {
			isa = PBXResourcesBuildPhase;
			buildActionMask = 2147483647;
			files = (
			);
			runOnlyForDeploymentPostprocessing = 0;
		};
		D7BA63092E045296003481D3 /* Resources */ = {
			isa = PBXResourcesBuildPhase;
			buildActionMask = 2147483647;
			files = (
			);
			runOnlyForDeploymentPostprocessing = 0;
		};
/* End PBXResourcesBuildPhase section */

/* Begin PBXShellScriptBuildPhase section */
		D7B543AD2E0465DC00AD17FE /* TODO MARKER Script */ = {
			isa = PBXShellScriptBuildPhase;
			alwaysOutOfDate = 1;
			buildActionMask = 2147483647;
			files = (
			);
			inputFileListPaths = (
			);
			inputPaths = (
			);
			name = "TODO MARKER Script";
			outputFileListPaths = (
			);
			outputPaths = (
			);
			runOnlyForDeploymentPostprocessing = 0;
			shellPath = /bin/sh;
			shellScript = "KEYWORDS=\"STUB:|WARNING:|TODO:|FIXME:|DevTeam:|\\?\\?\\?:\" \nfind \"${SRCROOT}\" \\( -name \"*.h\" -or -name \"*.m\" -or -name \"*.swift\" \\) -not -path \"${SRCROOT}/Pods/*\" -print0 | xargs -0 egrep --with-filename --line-number --only-matching \"($KEYWORDS).*\\$\" | perl -p -e \"s/($KEYWORDS)/1: warning: \\$1/\"\n\nKEYWORDS=\"ERROR:|XXX:|\\!\\!\\!:\" \nfind \"${SRCROOT}\" \\( -name \"*.h\" -or -name \"*.m\" -or -name \"*.swift\" \\) -not -path \"${SRCROOT}/Pods/*\" -print0 | xargs -0 egrep --with-filename --line-number --only-matching \"($KEYWORDS).*\\$\" | perl -p -e \"s/($KEYWORDS)/1: error: \\$1/\"\nERROR_OUTPUT=`find \"${SRCROOT}\" \\( -name \"*.h\" -or -name \"*.m\" -or -name \"*.swift\" \\) -not -path \"${SRCROOT}/Pods/*\" -print0 | xargs -0 egrep --with-filename --line-number --only-matching \"($KEYWORDS).*\\$\" | perl -p -e \"s/($KEYWORDS)/1: error: \\$1/\"`\n\nexit ${#ERROR_OUTPUT}\n";
		};
/* End PBXShellScriptBuildPhase section */

/* Begin PBXSourcesBuildPhase section */
		D7BA62F02E045295003481D3 /* Sources */ = {
			isa = PBXSourcesBuildPhase;
			buildActionMask = 2147483647;
			files = (
			);
			runOnlyForDeploymentPostprocessing = 0;
		};
		D7BA62FD2E045296003481D3 /* Sources */ = {
			isa = PBXSourcesBuildPhase;
			buildActionMask = 2147483647;
			files = (
			);
			runOnlyForDeploymentPostprocessing = 0;
		};
		D7BA63072E045296003481D3 /* Sources */ = {
			isa = PBXSourcesBuildPhase;
			buildActionMask = 2147483647;
			files = (
			);
			runOnlyForDeploymentPostprocessing = 0;
		};
/* End PBXSourcesBuildPhase section */

/* Begin PBXTargetDependency section */
		D7BA63032E045296003481D3 /* PBXTargetDependency */ = {
			isa = PBXTargetDependency;
			target = D7BA62F32E045295003481D3 /* Testing Swift Chap 1 */;
			targetProxy = D7BA63022E045296003481D3 /* PBXContainerItemProxy */;
		};
		D7BA630D2E045296003481D3 /* PBXTargetDependency */ = {
			isa = PBXTargetDependency;
			target = D7BA62F32E045295003481D3 /* Testing Swift Chap 1 */;
			targetProxy = D7BA630C2E045296003481D3 /* PBXContainerItemProxy */;
		};
/* End PBXTargetDependency section */

/* Begin XCBuildConfiguration section */
		D7BA63132E045296003481D3 /* Debug */ = {
			isa = XCBuildConfiguration;
			buildSettings = {
				ALWAYS_SEARCH_USER_PATHS = NO;
				ASSETCATALOG_COMPILER_GENERATE_SWIFT_ASSET_SYMBOL_EXTENSIONS = YES;
				CLANG_ANALYZER_NONNULL = YES;
				CLANG_ANALYZER_NUMBER_OBJECT_CONVERSION = YES_AGGRESSIVE;
				CLANG_CXX_LANGUAGE_STANDARD = "gnu++20";
				CLANG_ENABLE_MODULES = YES;
				CLANG_ENABLE_OBJC_ARC = YES;
				CLANG_ENABLE_OBJC_WEAK = YES;
				CLANG_WARN_BLOCK_CAPTURE_AUTORELEASING = YES;
				CLANG_WARN_BOOL_CONVERSION = YES;
				CLANG_WARN_COMMA = YES;
				CLANG_WARN_CONSTANT_CONVERSION = YES;
				CLANG_WARN_DEPRECATED_OBJC_IMPLEMENTATIONS = YES;
				CLANG_WARN_DIRECT_OBJC_ISA_USAGE = YES_ERROR;
				CLANG_WARN_DOCUMENTATION_COMMENTS = YES;
				CLANG_WARN_EMPTY_BODY = YES;
				CLANG_WARN_ENUM_CONVERSION = YES;
				CLANG_WARN_INFINITE_RECURSION = YES;
				CLANG_WARN_INT_CONVERSION = YES;
				CLANG_WARN_NON_LITERAL_NULL_CONVERSION = YES;
				CLANG_WARN_OBJC_IMPLICIT_RETAIN_SELF = YES;
				CLANG_WARN_OBJC_LITERAL_CONVERSION = YES;
				CLANG_WARN_OBJC_ROOT_CLASS = YES_ERROR;
				CLANG_WARN_QUOTED_INCLUDE_IN_FRAMEWORK_HEADER = YES;
				CLANG_WARN_RANGE_LOOP_ANALYSIS = YES;
				CLANG_WARN_STRICT_PROTOTYPES = YES;
				CLANG_WARN_SUSPICIOUS_MOVE = YES;
				CLANG_WARN_UNGUARDED_AVAILABILITY = YES_AGGRESSIVE;
				CLANG_WARN_UNREACHABLE_CODE = YES;
				CLANG_WARN__DUPLICATE_METHOD_MATCH = YES;
				COPY_PHASE_STRIP = NO;
				DEBUG_INFORMATION_FORMAT = dwarf;
				DEVELOPMENT_TEAM = 4AZCM9652H;
				ENABLE_STRICT_OBJC_MSGSEND = YES;
				ENABLE_TESTABILITY = YES;
				ENABLE_USER_SCRIPT_SANDBOXING = YES;
				GCC_C_LANGUAGE_STANDARD = gnu17;
				GCC_DYNAMIC_NO_PIC = NO;
				GCC_NO_COMMON_BLOCKS = YES;
				GCC_OPTIMIZATION_LEVEL = 0;
				GCC_PREPROCESSOR_DEFINITIONS = (
					"DEBUG=1",
					"$(inherited)",
				);
				GCC_WARN_64_TO_32_BIT_CONVERSION = YES;
				GCC_WARN_ABOUT_RETURN_TYPE = YES_ERROR;
				GCC_WARN_UNDECLARED_SELECTOR = YES;
				GCC_WARN_UNINITIALIZED_AUTOS = YES_AGGRESSIVE;
				GCC_WARN_UNUSED_FUNCTION = YES;
				GCC_WARN_UNUSED_VARIABLE = YES;
				IPHONEOS_DEPLOYMENT_TARGET = 18.5;
				LOCALIZATION_PREFERS_STRING_CATALOGS = YES;
				MTL_ENABLE_DEBUG_INFO = INCLUDE_SOURCE;
				MTL_FAST_MATH = YES;
				ONLY_ACTIVE_ARCH = YES;
				SDKROOT = iphoneos;
				SWIFT_ACTIVE_COMPILATION_CONDITIONS = "DEBUG $(inherited)";
				SWIFT_OPTIMIZATION_LEVEL = "-Onone";
			};
			name = Debug;
		};
		D7BA63142E045296003481D3 /* Release */ = {
			isa = XCBuildConfiguration;
			buildSettings = {
				ALWAYS_SEARCH_USER_PATHS = NO;
				ASSETCATALOG_COMPILER_GENERATE_SWIFT_ASSET_SYMBOL_EXTENSIONS = YES;
				CLANG_ANALYZER_NONNULL = YES;
				CLANG_ANALYZER_NUMBER_OBJECT_CONVERSION = YES_AGGRESSIVE;
				CLANG_CXX_LANGUAGE_STANDARD = "gnu++20";
				CLANG_ENABLE_MODULES = YES;
				CLANG_ENABLE_OBJC_ARC = YES;
				CLANG_ENABLE_OBJC_WEAK = YES;
				CLANG_WARN_BLOCK_CAPTURE_AUTORELEASING = YES;
				CLANG_WARN_BOOL_CONVERSION = YES;
				CLANG_WARN_COMMA = YES;
				CLANG_WARN_CONSTANT_CONVERSION = YES;
				CLANG_WARN_DEPRECATED_OBJC_IMPLEMENTATIONS = YES;
				CLANG_WARN_DIRECT_OBJC_ISA_USAGE = YES_ERROR;
				CLANG_WARN_DOCUMENTATION_COMMENTS = YES;
				CLANG_WARN_EMPTY_BODY = YES;
				CLANG_WARN_ENUM_CONVERSION = YES;
				CLANG_WARN_INFINITE_RECURSION = YES;
				CLANG_WARN_INT_CONVERSION = YES;
				CLANG_WARN_NON_LITERAL_NULL_CONVERSION = YES;
				CLANG_WARN_OBJC_IMPLICIT_RETAIN_SELF = YES;
				CLANG_WARN_OBJC_LITERAL_CONVERSION = YES;
				CLANG_WARN_OBJC_ROOT_CLASS = YES_ERROR;
				CLANG_WARN_QUOTED_INCLUDE_IN_FRAMEWORK_HEADER = YES;
				CLANG_WARN_RANGE_LOOP_ANALYSIS = YES;
				CLANG_WARN_STRICT_PROTOTYPES = YES;
				CLANG_WARN_SUSPICIOUS_MOVE = YES;
				CLANG_WARN_UNGUARDED_AVAILABILITY = YES_AGGRESSIVE;
				CLANG_WARN_UNREACHABLE_CODE = YES;
				CLANG_WARN__DUPLICATE_METHOD_MATCH = YES;
				COPY_PHASE_STRIP = NO;
				DEBUG_INFORMATION_FORMAT = "dwarf-with-dsym";
				DEVELOPMENT_TEAM = 4AZCM9652H;
				ENABLE_NS_ASSERTIONS = NO;
				ENABLE_STRICT_OBJC_MSGSEND = YES;
				ENABLE_USER_SCRIPT_SANDBOXING = YES;
				GCC_C_LANGUAGE_STANDARD = gnu17;
				GCC_NO_COMMON_BLOCKS = YES;
				GCC_WARN_64_TO_32_BIT_CONVERSION = YES;
				GCC_WARN_ABOUT_RETURN_TYPE = YES_ERROR;
				GCC_WARN_UNDECLARED_SELECTOR = YES;
				GCC_WARN_UNINITIALIZED_AUTOS = YES_AGGRESSIVE;
				GCC_WARN_UNUSED_FUNCTION = YES;
				GCC_WARN_UNUSED_VARIABLE = YES;
				IPHONEOS_DEPLOYMENT_TARGET = 18.5;
				LOCALIZATION_PREFERS_STRING_CATALOGS = YES;
				MTL_ENABLE_DEBUG_INFO = NO;
				MTL_FAST_MATH = YES;
				SDKROOT = iphoneos;
				SWIFT_COMPILATION_MODE = wholemodule;
				VALIDATE_PRODUCT = YES;
			};
			name = Release;
		};
		D7BA63162E045296003481D3 /* Debug */ = {
			isa = XCBuildConfiguration;
			buildSettings = {
				ASSETCATALOG_COMPILER_APPICON_NAME = AppIcon;
				ASSETCATALOG_COMPILER_GLOBAL_ACCENT_COLOR_NAME = AccentColor;
				CODE_SIGN_STYLE = Automatic;
				CURRENT_PROJECT_VERSION = 1;
				DEVELOPMENT_TEAM = 4AZCM9652H;
				ENABLE_PREVIEWS = YES;
				GENERATE_INFOPLIST_FILE = YES;
				INFOPLIST_KEY_UIApplicationSceneManifest_Generation = YES;
				INFOPLIST_KEY_UIApplicationSupportsIndirectInputEvents = YES;
				INFOPLIST_KEY_UILaunchScreen_Generation = YES;
				INFOPLIST_KEY_UISupportedInterfaceOrientations_iPad = "UIInterfaceOrientationPortrait UIInterfaceOrientationPortraitUpsideDown UIInterfaceOrientationLandscapeLeft UIInterfaceOrientationLandscapeRight";
				INFOPLIST_KEY_UISupportedInterfaceOrientations_iPhone = "UIInterfaceOrientationPortrait UIInterfaceOrientationLandscapeLeft UIInterfaceOrientationLandscapeRight";
				LD_RUNPATH_SEARCH_PATHS = (
					"$(inherited)",
					"@executable_path/Frameworks",
				);
				MARKETING_VERSION = 1.0;
				PRODUCT_BUNDLE_IDENTIFIER = "de.robert.welz.Testing-Swift-Chap-1";
				PRODUCT_NAME = "$(TARGET_NAME)";
				SWIFT_EMIT_LOC_STRINGS = YES;
				SWIFT_VERSION = 5.0;
				TARGETED_DEVICE_FAMILY = "1,2";
			};
			name = Debug;
		};
		D7BA63172E045296003481D3 /* Release */ = {
			isa = XCBuildConfiguration;
			buildSettings = {
				ASSETCATALOG_COMPILER_APPICON_NAME = AppIcon;
				ASSETCATALOG_COMPILER_GLOBAL_ACCENT_COLOR_NAME = AccentColor;
				CODE_SIGN_STYLE = Automatic;
				CURRENT_PROJECT_VERSION = 1;
				DEVELOPMENT_TEAM = 4AZCM9652H;
				ENABLE_PREVIEWS = YES;
				GENERATE_INFOPLIST_FILE = YES;
				INFOPLIST_KEY_UIApplicationSceneManifest_Generation = YES;
				INFOPLIST_KEY_UIApplicationSupportsIndirectInputEvents = YES;
				INFOPLIST_KEY_UILaunchScreen_Generation = YES;
				INFOPLIST_KEY_UISupportedInterfaceOrientations_iPad = "UIInterfaceOrientationPortrait UIInterfaceOrientationPortraitUpsideDown UIInterfaceOrientationLandscapeLeft UIInterfaceOrientationLandscapeRight";
				INFOPLIST_KEY_UISupportedInterfaceOrientations_iPhone = "UIInterfaceOrientationPortrait UIInterfaceOrientationLandscapeLeft UIInterfaceOrientationLandscapeRight";
				LD_RUNPATH_SEARCH_PATHS = (
					"$(inherited)",
					"@executable_path/Frameworks",
				);
				MARKETING_VERSION = 1.0;
				PRODUCT_BUNDLE_IDENTIFIER = "de.robert.welz.Testing-Swift-Chap-1";
				PRODUCT_NAME = "$(TARGET_NAME)";
				SWIFT_EMIT_LOC_STRINGS = YES;
				SWIFT_VERSION = 5.0;
				TARGETED_DEVICE_FAMILY = "1,2";
			};
			name = Release;
		};
		D7BA63192E045296003481D3 /* Debug */ = {
			isa = XCBuildConfiguration;
			buildSettings = {
				BUNDLE_LOADER = "$(TEST_HOST)";
				CODE_SIGN_STYLE = Automatic;
				CURRENT_PROJECT_VERSION = 1;
				DEVELOPMENT_TEAM = 4AZCM9652H;
				GENERATE_INFOPLIST_FILE = YES;
				IPHONEOS_DEPLOYMENT_TARGET = 18.5;
				MARKETING_VERSION = 1.0;
				PRODUCT_BUNDLE_IDENTIFIER = "de.robert.welz.Testing-Swift-Chap-1Tests";
				PRODUCT_NAME = "$(TARGET_NAME)";
				SWIFT_EMIT_LOC_STRINGS = NO;
				SWIFT_VERSION = 5.0;
				TARGETED_DEVICE_FAMILY = "1,2";
				TEST_HOST = "$(BUILT_PRODUCTS_DIR)/Testing Swift Chap 1.app/$(BUNDLE_EXECUTABLE_FOLDER_PATH)/Testing Swift Chap 1";
			};
			name = Debug;
		};
		D7BA631A2E045296003481D3 /* Release */ = {
			isa = XCBuildConfiguration;
			buildSettings = {
				BUNDLE_LOADER = "$(TEST_HOST)";
				CODE_SIGN_STYLE = Automatic;
				CURRENT_PROJECT_VERSION = 1;
				DEVELOPMENT_TEAM = 4AZCM9652H;
				GENERATE_INFOPLIST_FILE = YES;
				IPHONEOS_DEPLOYMENT_TARGET = 18.5;
				MARKETING_VERSION = 1.0;
				PRODUCT_BUNDLE_IDENTIFIER = "de.robert.welz.Testing-Swift-Chap-1Tests";
				PRODUCT_NAME = "$(TARGET_NAME)";
				SWIFT_EMIT_LOC_STRINGS = NO;
				SWIFT_VERSION = 5.0;
				TARGETED_DEVICE_FAMILY = "1,2";
				TEST_HOST = "$(BUILT_PRODUCTS_DIR)/Testing Swift Chap 1.app/$(BUNDLE_EXECUTABLE_FOLDER_PATH)/Testing Swift Chap 1";
			};
			name = Release;
		};
		D7BA631C2E045296003481D3 /* Debug */ = {
			isa = XCBuildConfiguration;
			buildSettings = {
				CODE_SIGN_STYLE = Automatic;
				CURRENT_PROJECT_VERSION = 1;
				DEVELOPMENT_TEAM = 4AZCM9652H;
				GENERATE_INFOPLIST_FILE = YES;
				MARKETING_VERSION = 1.0;
				PRODUCT_BUNDLE_IDENTIFIER = "de.robert.welz.Testing-Swift-Chap-1UITests";
				PRODUCT_NAME = "$(TARGET_NAME)";
				SWIFT_EMIT_LOC_STRINGS = NO;
				SWIFT_VERSION = 5.0;
				TARGETED_DEVICE_FAMILY = "1,2";
				TEST_TARGET_NAME = "Testing Swift Chap 1";
			};
			name = Debug;
		};
		D7BA631D2E045296003481D3 /* Release */ = {
			isa = XCBuildConfiguration;
			buildSettings = {
				CODE_SIGN_STYLE = Automatic;
				CURRENT_PROJECT_VERSION = 1;
				DEVELOPMENT_TEAM = 4AZCM9652H;
				GENERATE_INFOPLIST_FILE = YES;
				MARKETING_VERSION = 1.0;
				PRODUCT_BUNDLE_IDENTIFIER = "de.robert.welz.Testing-Swift-Chap-1UITests";
				PRODUCT_NAME = "$(TARGET_NAME)";
				SWIFT_EMIT_LOC_STRINGS = NO;
				SWIFT_VERSION = 5.0;
				TARGETED_DEVICE_FAMILY = "1,2";
				TEST_TARGET_NAME = "Testing Swift Chap 1";
			};
			name = Release;
		};
/* End XCBuildConfiguration section */

/* Begin XCConfigurationList section */
		D7BA62EF2E045295003481D3 /* Build configuration list for PBXProject "Testing Swift Chap 1" */ = {
			isa = XCConfigurationList;
			buildConfigurations = (
				D7BA63132E045296003481D3 /* Debug */,
				D7BA63142E045296003481D3 /* Release */,
			);
			defaultConfigurationIsVisible = 0;
			defaultConfigurationName = Release;
		};
		D7BA63152E045296003481D3 /* Build configuration list for PBXNativeTarget "Testing Swift Chap 1" */ = {
			isa = XCConfigurationList;
			buildConfigurations = (
				D7BA63162E045296003481D3 /* Debug */,
				D7BA63172E045296003481D3 /* Release */,
			);
			defaultConfigurationIsVisible = 0;
			defaultConfigurationName = Release;
		};
		D7BA63182E045296003481D3 /* Build configuration list for PBXNativeTarget "Testing Swift Chap 1Tests" */ = {
			isa = XCConfigurationList;
			buildConfigurations = (
				D7BA63192E045296003481D3 /* Debug */,
				D7BA631A2E045296003481D3 /* Release */,
			);
			defaultConfigurationIsVisible = 0;
			defaultConfigurationName = Release;
		};
		D7BA631B2E045296003481D3 /* Build configuration list for PBXNativeTarget "Testing Swift Chap 1UITests" */ = {
			isa = XCConfigurationList;
			buildConfigurations = (
				D7BA631C2E045296003481D3 /* Debug */,
				D7BA631D2E045296003481D3 /* Release */,
			);
			defaultConfigurationIsVisible = 0;
			defaultConfigurationName = Release;
		};
/* End XCConfigurationList section */
	};
	rootObject = D7BA62EC2E045295003481D3 /* Project object */;
}
